
Microsoft Visual Studio Solution File, Format Version 12.00
# Visual Studio Version 17
VisualStudioVersion = 17.5.33516.290
MinimumVisualStudioVersion = 10.0.40219.1
Project("{2150E333-8FDC-42A3-9474-1A3956D46DE8}") = "1 - Api", "1 - Api", "{F4D1A7F6-DA07-44A2-95BC-E3D486FC847E}"
EndProject
Project("{9A19103F-16F7-4668-BE54-9A1E7A4F7556}") = "TesteIagro.Api", "src\TesteIagro.Api\TesteIagro.Api.csproj", "{02AFD625-46CF-4A4D-A40D-23F3ED9AD1C1}"
EndProject
Project("{2150E333-8FDC-42A3-9474-1A3956D46DE8}") = "2 - Application", "2 - Application", "{3157B0AF-3E59-4FC1-9639-EB271EE2F50D}"
EndProject
Project("{2150E333-8FDC-42A3-9474-1A3956D46DE8}") = "3 - Domain", "3 - Domain", "{6BD50034-08CB-4F5F-AF3B-301DED5F040F}"
EndProject
Project("{2150E333-8FDC-42A3-9474-1A3956D46DE8}") = "4 - Infra", "4 - Infra", "{732D4299-C07E-4C06-8ACA-A4CC8E49B29A}"
EndProject
Project("{2150E333-8FDC-42A3-9474-1A3956D46DE8}") = "5 - Tests", "5 - Tests", "{A2FF8862-4E9A-45A9-B19D-6C0493E695E5}"
EndProject
Project("{9A19103F-16F7-4668-BE54-9A1E7A4F7556}") = "TesteIagro.Application", "src\TesteIagro.Application\TesteIagro.Application.csproj", "{2E061168-60F1-4752-A720-3E2FE209EC85}"
EndProject
Project("{9A19103F-16F7-4668-BE54-9A1E7A4F7556}") = "TesteIagro.Domain", "src\TesteIagro.Domain\TesteIagro.Domain.csproj", "{347216EB-930F-4E1A-8553-3B0F77E76D9D}"
EndProject
Project("{2150E333-8FDC-42A3-9474-1A3956D46DE8}") = "4.1 - IoC", "4.1 - IoC", "{1F531C43-DD35-4F2E-B7DA-0C27465A8693}"
EndProject
Project("{2150E333-8FDC-42A3-9474-1A3956D46DE8}") = "4.2 - Data", "4.2 - Data", "{CD256BF3-8E5E-4792-842A-3BE04FFD7BA5}"
EndProject
Project("{2150E333-8FDC-42A3-9474-1A3956D46DE8}") = "4.3 - Utils", "4.3 - Utils", "{1E93627A-09B4-400B-9A13-EE5315716777}"
EndProject
Project("{9A19103F-16F7-4668-BE54-9A1E7A4F7556}") = "TesteIagro.Infra.IoC", "src\TesteIagro.Infra.IoC\TesteIagro.Infra.IoC.csproj", "{1B8A471D-BA98-4CA2-9CB4-EE4CE85771FB}"
EndProject
Project("{9A19103F-16F7-4668-BE54-9A1E7A4F7556}") = "TesteIagro.Infra.Data", "src\TesteIagro.Infra.Data\TesteIagro.Infra.Data.csproj", "{3F02732A-2E71-4504-99EB-6B1971319A3B}"
EndProject
Project("{9A19103F-16F7-4668-BE54-9A1E7A4F7556}") = "TesteIagro.Infra.Utils", "src\TesteIagro.Infra.Utils\TesteIagro.Infra.Utils.csproj", "{2B5CDCC6-FE8C-45B1-8A76-327633D0CEE6}"
EndProject
Project("{2150E333-8FDC-42A3-9474-1A3956D46DE8}") = "4.4 - Files", "4.4 - Files", "{D468F378-4BD0-4F31-B7DC-15E7708216FF}"
EndProject
Project("{9A19103F-16F7-4668-BE54-9A1E7A4F7556}") = "TesteIagro.Infra.Files", "src\TesteIagro.Infra.Files\TesteIagro.Infra.Files.csproj", "{98779E32-CA36-4C8F-A00B-6ED56D5A7EB5}"
EndProject
Project("{9A19103F-16F7-4668-BE54-9A1E7A4F7556}") = "TesteIagro.Application.Tests", "src\TesteIagro.Application.Tests\TesteIagro.Application.Tests.csproj", "{A35D44E8-C6DC-4D21-B033-A7ABB8DA27DD}"
EndProject
Project("{9A19103F-16F7-4668-BE54-9A1E7A4F7556}") = "TesteIagro.Common.Tests", "src\TesteIagro.Common.Tests\TesteIagro.Common.Tests.csproj", "{03C07AED-60CA-436D-96B6-735EDACC0101}"
EndProject
Global
	GlobalSection(SolutionConfigurationPlatforms) = preSolution
		Debug|Any CPU = Debug|Any CPU
		Release|Any CPU = Release|Any CPU
	EndGlobalSection
	GlobalSection(ProjectConfigurationPlatforms) = postSolution
		{02AFD625-46CF-4A4D-A40D-23F3ED9AD1C1}.Debug|Any CPU.ActiveCfg = Debug|Any CPU
		{02AFD625-46CF-4A4D-A40D-23F3ED9AD1C1}.Debug|Any CPU.Build.0 = Debug|Any CPU
		{02AFD625-46CF-4A4D-A40D-23F3ED9AD1C1}.Release|Any CPU.ActiveCfg = Release|Any CPU
		{02AFD625-46CF-4A4D-A40D-23F3ED9AD1C1}.Release|Any CPU.Build.0 = Release|Any CPU
		{2E061168-60F1-4752-A720-3E2FE209EC85}.Debug|Any CPU.ActiveCfg = Debug|Any CPU
		{2E061168-60F1-4752-A720-3E2FE209EC85}.Debug|Any CPU.Build.0 = Debug|Any CPU
		{2E061168-60F1-4752-A720-3E2FE209EC85}.Release|Any CPU.ActiveCfg = Release|Any CPU
		{2E061168-60F1-4752-A720-3E2FE209EC85}.Release|Any CPU.Build.0 = Release|Any CPU
		{347216EB-930F-4E1A-8553-3B0F77E76D9D}.Debug|Any CPU.ActiveCfg = Debug|Any CPU
		{347216EB-930F-4E1A-8553-3B0F77E76D9D}.Debug|Any CPU.Build.0 = Debug|Any CPU
		{347216EB-930F-4E1A-8553-3B0F77E76D9D}.Release|Any CPU.ActiveCfg = Release|Any CPU
		{347216EB-930F-4E1A-8553-3B0F77E76D9D}.Release|Any CPU.Build.0 = Release|Any CPU
		{1B8A471D-BA98-4CA2-9CB4-EE4CE85771FB}.Debug|Any CPU.ActiveCfg = Debug|Any CPU
		{1B8A471D-BA98-4CA2-9CB4-EE4CE85771FB}.Debug|Any CPU.Build.0 = Debug|Any CPU
		{1B8A471D-BA98-4CA2-9CB4-EE4CE85771FB}.Release|Any CPU.ActiveCfg = Release|Any CPU
		{1B8A471D-BA98-4CA2-9CB4-EE4CE85771FB}.Release|Any CPU.Build.0 = Release|Any CPU
		{3F02732A-2E71-4504-99EB-6B1971319A3B}.Debug|Any CPU.ActiveCfg = Debug|Any CPU
		{3F02732A-2E71-4504-99EB-6B1971319A3B}.Debug|Any CPU.Build.0 = Debug|Any CPU
		{3F02732A-2E71-4504-99EB-6B1971319A3B}.Release|Any CPU.ActiveCfg = Release|Any CPU
		{3F02732A-2E71-4504-99EB-6B1971319A3B}.Release|Any CPU.Build.0 = Release|Any CPU
		{2B5CDCC6-FE8C-45B1-8A76-327633D0CEE6}.Debug|Any CPU.ActiveCfg = Debug|Any CPU
		{2B5CDCC6-FE8C-45B1-8A76-327633D0CEE6}.Debug|Any CPU.Build.0 = Debug|Any CPU
		{2B5CDCC6-FE8C-45B1-8A76-327633D0CEE6}.Release|Any CPU.ActiveCfg = Release|Any CPU
		{2B5CDCC6-FE8C-45B1-8A76-327633D0CEE6}.Release|Any CPU.Build.0 = Release|Any CPU
		{98779E32-CA36-4C8F-A00B-6ED56D5A7EB5}.Debug|Any CPU.ActiveCfg = Debug|Any CPU
		{98779E32-CA36-4C8F-A00B-6ED56D5A7EB5}.Debug|Any CPU.Build.0 = Debug|Any CPU
		{98779E32-CA36-4C8F-A00B-6ED56D5A7EB5}.Release|Any CPU.ActiveCfg = Release|Any CPU
		{98779E32-CA36-4C8F-A00B-6ED56D5A7EB5}.Release|Any CPU.Build.0 = Release|Any CPU
		{A35D44E8-C6DC-4D21-B033-A7ABB8DA27DD}.Debug|Any CPU.ActiveCfg = Debug|Any CPU
		{A35D44E8-C6DC-4D21-B033-A7ABB8DA27DD}.Debug|Any CPU.Build.0 = Debug|Any CPU
		{A35D44E8-C6DC-4D21-B033-A7ABB8DA27DD}.Release|Any CPU.ActiveCfg = Release|Any CPU
		{A35D44E8-C6DC-4D21-B033-A7ABB8DA27DD}.Release|Any CPU.Build.0 = Release|Any CPU
		{03C07AED-60CA-436D-96B6-735EDACC0101}.Debug|Any CPU.ActiveCfg = Debug|Any CPU
		{03C07AED-60CA-436D-96B6-735EDACC0101}.Debug|Any CPU.Build.0 = Debug|Any CPU
		{03C07AED-60CA-436D-96B6-735EDACC0101}.Release|Any CPU.ActiveCfg = Release|Any CPU
		{03C07AED-60CA-436D-96B6-735EDACC0101}.Release|Any CPU.Build.0 = Release|Any CPU
	EndGlobalSection
	GlobalSection(SolutionProperties) = preSolution
		HideSolutionNode = FALSE
	EndGlobalSection
	GlobalSection(NestedProjects) = preSolution
		{02AFD625-46CF-4A4D-A40D-23F3ED9AD1C1} = {F4D1A7F6-DA07-44A2-95BC-E3D486FC847E}
		{2E061168-60F1-4752-A720-3E2FE209EC85} = {3157B0AF-3E59-4FC1-9639-EB271EE2F50D}
		{347216EB-930F-4E1A-8553-3B0F77E76D9D} = {6BD50034-08CB-4F5F-AF3B-301DED5F040F}
		{1F531C43-DD35-4F2E-B7DA-0C27465A8693} = {732D4299-C07E-4C06-8ACA-A4CC8E49B29A}
		{CD256BF3-8E5E-4792-842A-3BE04FFD7BA5} = {732D4299-C07E-4C06-8ACA-A4CC8E49B29A}
		{1E93627A-09B4-400B-9A13-EE5315716777} = {732D4299-C07E-4C06-8ACA-A4CC8E49B29A}
		{1B8A471D-BA98-4CA2-9CB4-EE4CE85771FB} = {1F531C43-DD35-4F2E-B7DA-0C27465A8693}
		{3F02732A-2E71-4504-99EB-6B1971319A3B} = {CD256BF3-8E5E-4792-842A-3BE04FFD7BA5}
		{2B5CDCC6-FE8C-45B1-8A76-327633D0CEE6} = {1E93627A-09B4-400B-9A13-EE5315716777}
		{D468F378-4BD0-4F31-B7DC-15E7708216FF} = {732D4299-C07E-4C06-8ACA-A4CC8E49B29A}
		{98779E32-CA36-4C8F-A00B-6ED56D5A7EB5} = {D468F378-4BD0-4F31-B7DC-15E7708216FF}
		{A35D44E8-C6DC-4D21-B033-A7ABB8DA27DD} = {A2FF8862-4E9A-45A9-B19D-6C0493E695E5}
		{03C07AED-60CA-436D-96B6-735EDACC0101} = {A2FF8862-4E9A-45A9-B19D-6C0493E695E5}
	EndGlobalSection
	GlobalSection(ExtensibilityGlobals) = postSolution
		SolutionGuid = {E0EE4FE7-71C8-4C3F-B157-E5BABCA688F9}
	EndGlobalSection
EndGlobal
